
Microsoft Visual Studio Solution File, Format Version 12.00
# Visual Studio Version 17
VisualStudioVersion = 17.6.33712.159
MinimumVisualStudioVersion = 10.0.40219.1
Project("{FAE04EC0-301F-11D3-BF4B-00C04F79EFBC}") = "PdfGenerator", "PdfGenerator.csproj", "{E4FAC497-12AC-47FF-AF8D-38ED487EE87D}"
EndProject
Global
	GlobalSection(SolutionConfigurationPlatforms) = preSolution
		Debug|Any CPU = Debug|Any CPU
		Release|Any CPU = Release|Any CPU
	EndGlobalSection
	GlobalSection(ProjectConfigurationPlatforms) = postSolution
		{E4FAC497-12AC-47FF-AF8D-38ED487EE87D}.Debug|Any CPU.ActiveCfg = Debug|Any CPU
		{E4FAC497-12AC-47FF-AF8D-38ED487EE87D}.Debug|Any CPU.Build.0 = Debug|Any CPU
		{E4FAC497-12AC-47FF-AF8D-38ED487EE87D}.Release|Any CPU.ActiveCfg = Release|Any CPU
		{E4FAC497-12AC-47FF-AF8D-38ED487EE87D}.Release|Any CPU.Build.0 = Release|Any CPU
	EndGlobalSection
	GlobalSection(SolutionProperties) = preSolution
		HideSolutionNode = FALSE
	EndGlobalSection
	GlobalSection(ExtensibilityGlobals) = postSolution
		SolutionGuid = {3D447F11-28A2-43EF-ABB6-DB1007E05CE5}
	EndGlobalSection
EndGlobal
